{
  "version": 4,
  "terraform_version": "1.5.7",
  "serial": 43,
  "lineage": "a77c4bfc-fe4b-586c-7221-64069167e5c8",
  "outputs": {
    "cluster_certificate_authority_data": {
      "value": "LS0tLS1CRUdJTiBDRVJUSUZJQ0FURS0tLS0tCk1JSURCVENDQWUyZ0F3SUJBZ0lJQk55WkFqU2s0NVV3RFFZSktvWklodmNOQVFFTEJRQXdGVEVUTUJFR0ExVUUKQXhNS2EzVmlaWEp1WlhSbGN6QWVGdzB5TlRBMk1Ea3hPVFU0TkRKYUZ3MHpOVEEyTURjeU1EQXpOREphTUJVeApFekFSQmdOVkJBTVRDbXQxWW1WeWJtVjBaWE13Z2dFaU1BMEdDU3FHU0liM0RRRUJBUVVBQTRJQkR3QXdnZ0VLCkFvSUJBUUMreEtCcXpLWHhWQjFUREZRQWN1ZDV4eWU0cERhVkwvcEFtdTNsdnFhT21HUHlIMXBST0svcjE4R0cKcFVlUC9LeE8vanFFREp0Q2NZTjhVTzR5NFlJQmFqZ0hqWjJQMzdCNDhRY1NVVlRvZnJyYURyUmRaNHFpMjdnRgpwdHVxYnYwcllkMGZYMzgwbVRFdU9RRTJ1RzhCOGxzRFAxL3d1Q08rR0xuVGdqTExxYUJxejlkanRJa2FtWWVHCmFOT1NiS0NkMUlkTURoMUZtSmxGVEZaSElFMUVsWE9GVGVGQWpwUlpsUXNVK3VvMXZGYmt1ZFNRcmd2VVcxbWMKMlg2dFRFUnRrdjNYVXdqLy9aUm11dm0yMWp4Q2dqS1c4QVNUaTdaZmhOSXA1SWsxY3VKRm9hZXJwNTdQbWVMNgpqdisxUVV1S1hPRmtQZUZaU3BQSmdCcFNvaGdiQWdNQkFBR2pXVEJYTUE0R0ExVWREd0VCL3dRRUF3SUNwREFQCkJnTlZIUk1CQWY4RUJUQURBUUgvTUIwR0ExVWREZ1FXQkJUY0dUaDdJVHN1ajE2ZFFPOS9XSzJQekk2cTlEQVYKQmdOVkhSRUVEakFNZ2dwcmRXSmxjbTVsZEdWek1BMEdDU3FHU0liM0RRRUJDd1VBQTRJQkFRQU1OQ0VoMTZyOQpZZDRWVnFRVzU1eERRNEFZdmlmQ3ZaK3RvK054dWovY0dVL012NGdvWUt4VlNKNGJ2cWFwcWR0OTF3VGg5c1h3Ckg2cWtOWWlRa2dCS01ucnNham9RZVFob1ZvWlprZXNMeVZFay9VbFhBcmVmTXRua251Q1VyUGl4MkVkSEkyNEoKL2NPSW1aaG1zSjBxNjg5UzNBZFF4ZlNWTVYzNExmOXlZcVhjYzFicXpWejRFRUk4eWk5S3B4bWhyZDFhdFZtWQplNTc2aHlCbnlXU0dXWW41U3NVdk9FWTZOY0VIMGF6VzZZSlZUODNVNTBpRVR6Y0ZwRUJ0dTVNd1VnM09leTNiCkYrd2xaVjVTdXA0c2czdHJWUFQ0UWt5anRsVCs0Ny9DNlBsSUIzYko1YnZFMGZVaGVzeHM0OXlHRzRKUXRHYUcKWlQrUDRnRk0xZ25iCi0tLS0tRU5EIENFUlRJRklDQVRFLS0tLS0K",
      "type": "string"
    },
    "cluster_endpoint": {
      "value": "https://10CFB7A48D5B078536C213452CF31F25.gr7.us-east-2.eks.amazonaws.com",
      "type": "string"
    },
    "cluster_name": {
      "value": "my-eks-cluster",
      "type": "string"
    },
    "public_subnet_ids": {
      "value": [
        "subnet-0ff46000da55d99c3",
        "subnet-05c695990b1b354a1"
      ],
      "type": [
        "tuple",
        [
          "string",
          "string"
        ]
      ]
    },
    "vpc_id": {
      "value": "vpc-0e09c1de4f67ee568",
      "type": "string"
    }
  },
  "resources": [
    {
      "module": "module.eks_cluster",
      "mode": "managed",
      "type": "aws_iam_role",
      "name": "eks_cluster_role",
      "provider": "module.eks_cluster.provider[\"registry.terraform.io/hashicorp/aws\"]",
      "instances": [
        {
          "schema_version": 0,
          "attributes": {
            "arn": "arn:aws:iam::710879935073:role/my-eks-cluster-eks-cluster-role",
            "assume_role_policy": "{\"Statement\":[{\"Action\":\"sts:AssumeRole\",\"Effect\":\"Allow\",\"Principal\":{\"Service\":\"eks.amazonaws.com\"}}],\"Version\":\"2012-10-17\"}",
            "create_date": "2025-06-09T19:34:59Z",
            "description": "",
            "force_detach_policies": false,
            "id": "my-eks-cluster-eks-cluster-role",
            "inline_policy": [],
            "managed_policy_arns": [
              "arn:aws:iam::aws:policy/AmazonEKSClusterPolicy",
              "arn:aws:iam::aws:policy/AmazonEKSServicePolicy"
            ],
            "max_session_duration": 3600,
            "name": "my-eks-cluster-eks-cluster-role",
            "name_prefix": "",
            "path": "/",
            "permissions_boundary": "",
            "tags": {
              "Environment": "dev"
            },
            "tags_all": {
              "Environment": "dev"
            },
            "unique_id": "AROA2LA567JQ4R7F6AA2D"
          },
          "sensitive_attributes": [],
          "private": "bnVsbA=="
        }
      ]
    },
    {
      "module": "module.eks_cluster",
      "mode": "managed",
      "type": "aws_iam_role",
      "name": "eks_node_group_role",
      "provider": "module.eks_cluster.provider[\"registry.terraform.io/hashicorp/aws\"]",
      "instances": [
        {
          "schema_version": 0,
          "attributes": {
            "arn": "arn:aws:iam::710879935073:role/my-eks-cluster-eks-node-group-role",
            "assume_role_policy": "{\"Statement\":[{\"Action\":\"sts:AssumeRole\",\"Effect\":\"Allow\",\"Principal\":{\"Service\":\"ec2.amazonaws.com\"}}],\"Version\":\"2012-10-17\"}",
            "create_date": "2025-06-09T19:34:59Z",
            "description": "",
            "force_detach_policies": false,
            "id": "my-eks-cluster-eks-node-group-role",
            "inline_policy": [],
            "managed_policy_arns": [
              "arn:aws:iam::aws:policy/AmazonEC2ContainerRegistryReadOnly",
              "arn:aws:iam::aws:policy/AmazonEKSWorkerNodePolicy",
              "arn:aws:iam::aws:policy/AmazonEKS_CNI_Policy"
            ],
            "max_session_duration": 3600,
            "name": "my-eks-cluster-eks-node-group-role",
            "name_prefix": "",
            "path": "/",
            "permissions_boundary": "",
            "tags": {
              "Environment": "dev"
            },
            "tags_all": {
              "Environment": "dev"
            },
            "unique_id": "AROA2LA567JQ37WC6P7Z4"
          },
          "sensitive_attributes": [],
          "private": "bnVsbA=="
        }
      ]
    },
    {
      "module": "module.eks_cluster",
      "mode": "managed",
      "type": "aws_iam_role_policy_attachment",
      "name": "eks_cluster_AmazonEKSClusterPolicy",
      "provider": "module.eks_cluster.provider[\"registry.terraform.io/hashicorp/aws\"]",
      "instances": [
        {
          "schema_version": 0,
          "attributes": {
            "id": "my-eks-cluster-eks-cluster-role-20250609193500111300000006",
            "policy_arn": "arn:aws:iam::aws:policy/AmazonEKSClusterPolicy",
            "role": "my-eks-cluster-eks-cluster-role"
          },
          "sensitive_attributes": [],
          "private": "bnVsbA==",
          "dependencies": [
            "module.eks_cluster.aws_iam_role.eks_cluster_role"
          ]
        }
      ]
    },
    {
      "module": "module.eks_cluster",
      "mode": "managed",
      "type": "aws_iam_role_policy_attachment",
      "name": "eks_cluster_AmazonEKSServicePolicy",
      "provider": "module.eks_cluster.provider[\"registry.terraform.io/hashicorp/aws\"]",
      "instances": [
        {
          "schema_version": 0,
          "attributes": {
            "id": "my-eks-cluster-eks-cluster-role-20250609193500089900000005",
            "policy_arn": "arn:aws:iam::aws:policy/AmazonEKSServicePolicy",
            "role": "my-eks-cluster-eks-cluster-role"
          },
          "sensitive_attributes": [],
          "private": "bnVsbA==",
          "dependencies": [
            "module.eks_cluster.aws_iam_role.eks_cluster_role"
          ]
        }
      ]
    },
    {
      "module": "module.eks_cluster",
      "mode": "managed",
      "type": "aws_iam_role_policy_attachment",
      "name": "node_AmazonEC2ContainerRegistryReadOnly",
      "provider": "module.eks_cluster.provider[\"registry.terraform.io/hashicorp/aws\"]",
      "instances": [
        {
          "schema_version": 0,
          "attributes": {
            "id": "my-eks-cluster-eks-node-group-role-20250609193500051100000004",
            "policy_arn": "arn:aws:iam::aws:policy/AmazonEC2ContainerRegistryReadOnly",
            "role": "my-eks-cluster-eks-node-group-role"
          },
          "sensitive_attributes": [],
          "private": "bnVsbA==",
          "dependencies": [
            "module.eks_cluster.aws_iam_role.eks_node_group_role"
          ]
        }
      ]
    },
    {
      "module": "module.eks_cluster",
      "mode": "managed",
      "type": "aws_iam_role_policy_attachment",
      "name": "node_AmazonEKSWorkerNodePolicy",
      "provider": "module.eks_cluster.provider[\"registry.terraform.io/hashicorp/aws\"]",
      "instances": [
        {
          "schema_version": 0,
          "attributes": {
            "id": "my-eks-cluster-eks-node-group-role-20250609193500028100000003",
            "policy_arn": "arn:aws:iam::aws:policy/AmazonEKSWorkerNodePolicy",
            "role": "my-eks-cluster-eks-node-group-role"
          },
          "sensitive_attributes": [],
          "private": "bnVsbA==",
          "dependencies": [
            "module.eks_cluster.aws_iam_role.eks_node_group_role"
          ]
        }
      ]
    },
    {
      "module": "module.eks_cluster",
      "mode": "managed",
      "type": "aws_iam_role_policy_attachment",
      "name": "node_AmazonEKS_CNI_Policy",
      "provider": "module.eks_cluster.provider[\"registry.terraform.io/hashicorp/aws\"]",
      "instances": [
        {
          "schema_version": 0,
          "attributes": {
            "id": "my-eks-cluster-eks-node-group-role-20250609193500011300000002",
            "policy_arn": "arn:aws:iam::aws:policy/AmazonEKS_CNI_Policy",
            "role": "my-eks-cluster-eks-node-group-role"
          },
          "sensitive_attributes": [],
          "private": "bnVsbA==",
          "dependencies": [
            "module.eks_cluster.aws_iam_role.eks_node_group_role"
          ]
        }
      ]
    },
    {
      "module": "module.eks_cluster",
      "mode": "managed",
      "type": "aws_internet_gateway",
      "name": "this",
      "provider": "module.eks_cluster.provider[\"registry.terraform.io/hashicorp/aws\"]",
      "instances": [
        {
          "schema_version": 0,
          "attributes": {
            "arn": "arn:aws:ec2:us-east-2:710879935073:internet-gateway/igw-07df76394e124ffad",
            "id": "igw-07df76394e124ffad",
            "owner_id": "710879935073",
            "tags": {
              "Name": "my-eks-cluster-igw"
            },
            "tags_all": {
              "Name": "my-eks-cluster-igw"
            },
            "timeouts": null,
            "vpc_id": "vpc-0e09c1de4f67ee568"
          },
          "sensitive_attributes": [],
          "private": "eyJlMmJmYjczMC1lY2FhLTExZTYtOGY4OC0zNDM2M2JjN2M0YzAiOnsiY3JlYXRlIjoxMjAwMDAwMDAwMDAwLCJkZWxldGUiOjEyMDAwMDAwMDAwMDAsInVwZGF0ZSI6MTIwMDAwMDAwMDAwMH19",
          "dependencies": [
            "module.eks_cluster.aws_vpc.this"
          ]
        }
      ]
    },
    {
      "module": "module.eks_cluster",
      "mode": "managed",
      "type": "aws_route",
      "name": "internet_access",
      "provider": "module.eks_cluster.provider[\"registry.terraform.io/hashicorp/aws\"]",
      "instances": [
        {
          "schema_version": 0,
          "attributes": {
            "carrier_gateway_id": "",
            "core_network_arn": "",
            "destination_cidr_block": "0.0.0.0/0",
            "destination_ipv6_cidr_block": "",
            "destination_prefix_list_id": "",
            "egress_only_gateway_id": "",
            "gateway_id": "igw-07df76394e124ffad",
            "id": "r-rtb-0e8e663c52060bb571080289494",
            "instance_id": "",
            "instance_owner_id": "",
            "local_gateway_id": "",
            "nat_gateway_id": "",
            "network_interface_id": "",
            "origin": "CreateRoute",
            "route_table_id": "rtb-0e8e663c52060bb57",
            "state": "active",
            "timeouts": null,
            "transit_gateway_id": "",
            "vpc_endpoint_id": "",
            "vpc_peering_connection_id": ""
          },
          "sensitive_attributes": [],
          "private": "eyJlMmJmYjczMC1lY2FhLTExZTYtOGY4OC0zNDM2M2JjN2M0YzAiOnsiY3JlYXRlIjozMDAwMDAwMDAwMDAsImRlbGV0ZSI6MzAwMDAwMDAwMDAwLCJ1cGRhdGUiOjEyMDAwMDAwMDAwMH19",
          "dependencies": [
            "module.eks_cluster.aws_internet_gateway.this",
            "module.eks_cluster.aws_route_table.public",
            "module.eks_cluster.aws_vpc.this"
          ]
        }
      ]
    },
    {
      "module": "module.eks_cluster",
      "mode": "managed",
      "type": "aws_route_table",
      "name": "public",
      "provider": "module.eks_cluster.provider[\"registry.terraform.io/hashicorp/aws\"]",
      "instances": [
        {
          "schema_version": 0,
          "attributes": {
            "arn": "arn:aws:ec2:us-east-2:710879935073:route-table/rtb-0e8e663c52060bb57",
            "id": "rtb-0e8e663c52060bb57",
            "owner_id": "710879935073",
            "propagating_vgws": [],
            "route": [
              {
                "carrier_gateway_id": "",
                "cidr_block": "0.0.0.0/0",
                "core_network_arn": "",
                "destination_prefix_list_id": "",
                "egress_only_gateway_id": "",
                "gateway_id": "igw-07df76394e124ffad",
                "ipv6_cidr_block": "",
                "local_gateway_id": "",
                "nat_gateway_id": "",
                "network_interface_id": "",
                "transit_gateway_id": "",
                "vpc_endpoint_id": "",
                "vpc_peering_connection_id": ""
              }
            ],
            "tags": {
              "Name": "my-eks-cluster-public-rt"
            },
            "tags_all": {
              "Name": "my-eks-cluster-public-rt"
            },
            "timeouts": null,
            "vpc_id": "vpc-0e09c1de4f67ee568"
          },
          "sensitive_attributes": [],
          "private": "eyJlMmJmYjczMC1lY2FhLTExZTYtOGY4OC0zNDM2M2JjN2M0YzAiOnsiY3JlYXRlIjozMDAwMDAwMDAwMDAsImRlbGV0ZSI6MzAwMDAwMDAwMDAwLCJ1cGRhdGUiOjEyMDAwMDAwMDAwMH19",
          "dependencies": [
            "module.eks_cluster.aws_vpc.this"
          ]
        }
      ]
    },
    {
      "module": "module.eks_cluster",
      "mode": "managed",
      "type": "aws_route_table_association",
      "name": "public",
      "provider": "module.eks_cluster.provider[\"registry.terraform.io/hashicorp/aws\"]",
      "instances": [
        {
          "index_key": 0,
          "schema_version": 0,
          "attributes": {
            "gateway_id": "",
            "id": "rtbassoc-0acf08bb58e471df9",
            "route_table_id": "rtb-0e8e663c52060bb57",
            "subnet_id": "subnet-0ff46000da55d99c3",
            "timeouts": null
          },
          "sensitive_attributes": [],
          "private": "eyJlMmJmYjczMC1lY2FhLTExZTYtOGY4OC0zNDM2M2JjN2M0YzAiOnsiY3JlYXRlIjozMDAwMDAwMDAwMDAsImRlbGV0ZSI6MzAwMDAwMDAwMDAwLCJ1cGRhdGUiOjEyMDAwMDAwMDAwMH19",
          "dependencies": [
            "module.eks_cluster.aws_route_table.public",
            "module.eks_cluster.aws_subnet.public",
            "module.eks_cluster.aws_vpc.this"
          ]
        },
        {
          "index_key": 1,
          "schema_version": 0,
          "attributes": {
            "gateway_id": "",
            "id": "rtbassoc-05e4d2e1d7cf03a0b",
            "route_table_id": "rtb-0e8e663c52060bb57",
            "subnet_id": "subnet-05c695990b1b354a1",
            "timeouts": null
          },
          "sensitive_attributes": [],
          "private": "eyJlMmJmYjczMC1lY2FhLTExZTYtOGY4OC0zNDM2M2JjN2M0YzAiOnsiY3JlYXRlIjozMDAwMDAwMDAwMDAsImRlbGV0ZSI6MzAwMDAwMDAwMDAwLCJ1cGRhdGUiOjEyMDAwMDAwMDAwMH19",
          "dependencies": [
            "module.eks_cluster.aws_route_table.public",
            "module.eks_cluster.aws_subnet.public",
            "module.eks_cluster.aws_vpc.this"
          ]
        }
      ]
    },
    {
      "module": "module.eks_cluster",
      "mode": "managed",
      "type": "aws_subnet",
      "name": "public",
      "provider": "module.eks_cluster.provider[\"registry.terraform.io/hashicorp/aws\"]",
      "instances": [
        {
          "index_key": 0,
          "schema_version": 1,
          "attributes": {
            "arn": "arn:aws:ec2:us-east-2:710879935073:subnet/subnet-0ff46000da55d99c3",
            "assign_ipv6_address_on_creation": false,
            "availability_zone": "us-east-2a",
            "availability_zone_id": "use2-az1",
            "cidr_block": "10.0.0.0/24",
            "customer_owned_ipv4_pool": "",
            "enable_dns64": false,
            "enable_lni_at_device_index": 0,
            "enable_resource_name_dns_a_record_on_launch": false,
            "enable_resource_name_dns_aaaa_record_on_launch": false,
            "id": "subnet-0ff46000da55d99c3",
            "ipv6_cidr_block": "",
            "ipv6_cidr_block_association_id": "",
            "ipv6_native": false,
            "map_customer_owned_ip_on_launch": false,
            "map_public_ip_on_launch": true,
            "outpost_arn": "",
            "owner_id": "710879935073",
            "private_dns_hostname_type_on_launch": "ip-name",
            "tags": {
              "Name": "my-eks-cluster-public-subnet-0"
            },
            "tags_all": {
              "Name": "my-eks-cluster-public-subnet-0"
            },
            "timeouts": null,
            "vpc_id": "vpc-0e09c1de4f67ee568"
          },
          "sensitive_attributes": [],
          "private": "eyJlMmJmYjczMC1lY2FhLTExZTYtOGY4OC0zNDM2M2JjN2M0YzAiOnsiY3JlYXRlIjo2MDAwMDAwMDAwMDAsImRlbGV0ZSI6MTIwMDAwMDAwMDAwMH0sInNjaGVtYV92ZXJzaW9uIjoiMSJ9",
          "dependencies": [
            "module.eks_cluster.aws_vpc.this"
          ],
          "create_before_destroy": true
        },
        {
          "index_key": 1,
          "schema_version": 1,
          "attributes": {
            "arn": "arn:aws:ec2:us-east-2:710879935073:subnet/subnet-05c695990b1b354a1",
            "assign_ipv6_address_on_creation": false,
            "availability_zone": "us-east-2b",
            "availability_zone_id": "use2-az2",
            "cidr_block": "10.0.1.0/24",
            "customer_owned_ipv4_pool": "",
            "enable_dns64": false,
            "enable_lni_at_device_index": 0,
            "enable_resource_name_dns_a_record_on_launch": false,
            "enable_resource_name_dns_aaaa_record_on_launch": false,
            "id": "subnet-05c695990b1b354a1",
            "ipv6_cidr_block": "",
            "ipv6_cidr_block_association_id": "",
            "ipv6_native": false,
            "map_customer_owned_ip_on_launch": false,
            "map_public_ip_on_launch": true,
            "outpost_arn": "",
            "owner_id": "710879935073",
            "private_dns_hostname_type_on_launch": "ip-name",
            "tags": {
              "Name": "my-eks-cluster-public-subnet-1"
            },
            "tags_all": {
              "Name": "my-eks-cluster-public-subnet-1"
            },
            "timeouts": null,
            "vpc_id": "vpc-0e09c1de4f67ee568"
          },
          "sensitive_attributes": [],
          "private": "eyJlMmJmYjczMC1lY2FhLTExZTYtOGY4OC0zNDM2M2JjN2M0YzAiOnsiY3JlYXRlIjo2MDAwMDAwMDAwMDAsImRlbGV0ZSI6MTIwMDAwMDAwMDAwMH0sInNjaGVtYV92ZXJzaW9uIjoiMSJ9",
          "dependencies": [
            "module.eks_cluster.aws_vpc.this"
          ],
          "create_before_destroy": true
        }
      ]
    },
    {
      "module": "module.eks_cluster",
      "mode": "managed",
      "type": "aws_vpc",
      "name": "this",
      "provider": "module.eks_cluster.provider[\"registry.terraform.io/hashicorp/aws\"]",
      "instances": [
        {
          "schema_version": 1,
          "attributes": {
            "arn": "arn:aws:ec2:us-east-2:710879935073:vpc/vpc-0e09c1de4f67ee568",
            "assign_generated_ipv6_cidr_block": false,
            "cidr_block": "10.0.0.0/16",
            "default_network_acl_id": "acl-07b93cca8744d6eee",
            "default_route_table_id": "rtb-0779d6d211e3cc280",
            "default_security_group_id": "sg-0207a3d7022426516",
            "dhcp_options_id": "dopt-0683c3b408a42bd4d",
            "enable_dns_hostnames": false,
            "enable_dns_support": true,
            "enable_network_address_usage_metrics": false,
            "id": "vpc-0e09c1de4f67ee568",
            "instance_tenancy": "default",
            "ipv4_ipam_pool_id": null,
            "ipv4_netmask_length": null,
            "ipv6_association_id": "",
            "ipv6_cidr_block": "",
            "ipv6_cidr_block_network_border_group": "",
            "ipv6_ipam_pool_id": "",
            "ipv6_netmask_length": 0,
            "main_route_table_id": "rtb-0779d6d211e3cc280",
            "owner_id": "710879935073",
            "tags": {
              "Name": "my-eks-cluster-vpc"
            },
            "tags_all": {
              "Name": "my-eks-cluster-vpc"
            }
          },
          "sensitive_attributes": [],
          "private": "eyJzY2hlbWFfdmVyc2lvbiI6IjEifQ==",
          "create_before_destroy": true
        }
      ]
    },
    {
      "module": "module.eks_cluster.module.eks",
      "mode": "data",
      "type": "aws_caller_identity",
      "name": "current",
      "provider": "module.eks_cluster.provider[\"registry.terraform.io/hashicorp/aws\"]",
      "instances": [
        {
          "schema_version": 0,
          "attributes": {
            "account_id": "710879935073",
            "arn": "arn:aws:iam::710879935073:user/Mahesh",
            "id": "710879935073",
            "user_id": "AIDA2LA567JQYQZC263OD"
          },
          "sensitive_attributes": []
        }
      ]
    },
    {
      "module": "module.eks_cluster.module.eks",
      "mode": "data",
      "type": "aws_iam_policy_document",
      "name": "cluster_assume_role_policy",
      "provider": "module.eks_cluster.provider[\"registry.terraform.io/hashicorp/aws\"]",
      "instances": [
        {
          "schema_version": 0,
          "attributes": {
            "id": "2764486067",
            "json": "{\n  \"Version\": \"2012-10-17\",\n  \"Statement\": [\n    {\n      \"Sid\": \"EKSClusterAssumeRole\",\n      \"Effect\": \"Allow\",\n      \"Action\": \"sts:AssumeRole\",\n      \"Principal\": {\n        \"Service\": \"eks.amazonaws.com\"\n      }\n    }\n  ]\n}",
            "minified_json": "{\"Version\":\"2012-10-17\",\"Statement\":[{\"Sid\":\"EKSClusterAssumeRole\",\"Effect\":\"Allow\",\"Action\":\"sts:AssumeRole\",\"Principal\":{\"Service\":\"eks.amazonaws.com\"}}]}",
            "override_json": null,
            "override_policy_documents": null,
            "policy_id": null,
            "source_json": null,
            "source_policy_documents": null,
            "statement": [
              {
                "actions": [
                  "sts:AssumeRole"
                ],
                "condition": [],
                "effect": "Allow",
                "not_actions": [],
                "not_principals": [],
                "not_resources": [],
                "principals": [
                  {
                    "identifiers": [
                      "eks.amazonaws.com"
                    ],
                    "type": "Service"
                  }
                ],
                "resources": [],
                "sid": "EKSClusterAssumeRole"
              }
            ],
            "version": "2012-10-17"
          },
          "sensitive_attributes": []
        }
      ]
    },
    {
      "module": "module.eks_cluster.module.eks",
      "mode": "data",
      "type": "aws_iam_policy_document",
      "name": "cluster_elb_sl_role_creation",
      "provider": "module.eks_cluster.provider[\"registry.terraform.io/hashicorp/aws\"]",
      "instances": [
        {
          "index_key": 0,
          "schema_version": 0,
          "attributes": {
            "id": "2829572932",
            "json": "{\n  \"Version\": \"2012-10-17\",\n  \"Statement\": [\n    {\n      \"Effect\": \"Allow\",\n      \"Action\": [\n        \"ec2:DescribeInternetGateways\",\n        \"ec2:DescribeAddresses\",\n        \"ec2:DescribeAccountAttributes\"\n      ],\n      \"Resource\": \"*\"\n    }\n  ]\n}",
            "minified_json": "{\"Version\":\"2012-10-17\",\"Statement\":[{\"Effect\":\"Allow\",\"Action\":[\"ec2:DescribeInternetGateways\",\"ec2:DescribeAddresses\",\"ec2:DescribeAccountAttributes\"],\"Resource\":\"*\"}]}",
            "override_json": null,
            "override_policy_documents": null,
            "policy_id": null,
            "source_json": null,
            "source_policy_documents": null,
            "statement": [
              {
                "actions": [
                  "ec2:DescribeAccountAttributes",
                  "ec2:DescribeAddresses",
                  "ec2:DescribeInternetGateways"
                ],
                "condition": [],
                "effect": "Allow",
                "not_actions": [],
                "not_principals": [],
                "not_resources": [],
                "principals": [],
                "resources": [
                  "*"
                ],
                "sid": ""
              }
            ],
            "version": "2012-10-17"
          },
          "sensitive_attributes": []
        }
      ]
    },
    {
      "module": "module.eks_cluster.module.eks",
      "mode": "data",
      "type": "aws_iam_policy_document",
      "name": "workers_assume_role_policy",
      "provider": "module.eks_cluster.provider[\"registry.terraform.io/hashicorp/aws\"]",
      "instances": [
        {
          "schema_version": 0,
          "attributes": {
            "id": "3778018924",
            "json": "{\n  \"Version\": \"2012-10-17\",\n  \"Statement\": [\n    {\n      \"Sid\": \"EKSWorkerAssumeRole\",\n      \"Effect\": \"Allow\",\n      \"Action\": \"sts:AssumeRole\",\n      \"Principal\": {\n        \"Service\": \"ec2.amazonaws.com\"\n      }\n    }\n  ]\n}",
            "minified_json": "{\"Version\":\"2012-10-17\",\"Statement\":[{\"Sid\":\"EKSWorkerAssumeRole\",\"Effect\":\"Allow\",\"Action\":\"sts:AssumeRole\",\"Principal\":{\"Service\":\"ec2.amazonaws.com\"}}]}",
            "override_json": null,
            "override_policy_documents": null,
            "policy_id": null,
            "source_json": null,
            "source_policy_documents": null,
            "statement": [
              {
                "actions": [
                  "sts:AssumeRole"
                ],
                "condition": [],
                "effect": "Allow",
                "not_actions": [],
                "not_principals": [],
                "not_resources": [],
                "principals": [
                  {
                    "identifiers": [
                      "ec2.amazonaws.com"
                    ],
                    "type": "Service"
                  }
                ],
                "resources": [],
                "sid": "EKSWorkerAssumeRole"
              }
            ],
            "version": "2012-10-17"
          },
          "sensitive_attributes": []
        }
      ]
    },
    {
      "module": "module.eks_cluster.module.eks",
      "mode": "data",
      "type": "aws_partition",
      "name": "current",
      "provider": "module.eks_cluster.provider[\"registry.terraform.io/hashicorp/aws\"]",
      "instances": [
        {
          "schema_version": 0,
          "attributes": {
            "dns_suffix": "amazonaws.com",
            "id": "aws",
            "partition": "aws",
            "reverse_dns_prefix": "com.amazonaws"
          },
          "sensitive_attributes": []
        }
      ]
    },
    {
      "module": "module.eks_cluster.module.eks",
      "mode": "data",
      "type": "http",
      "name": "wait_for_cluster",
      "provider": "provider[\"registry.terraform.io/terraform-aws-modules/http\"]",
      "instances": [
        {
          "index_key": 0,
          "schema_version": 0,
          "attributes": {
            "body": "ok",
            "ca_certificate": "-----BEGIN CERTIFICATE-----\nMIIDBTCCAe2gAwIBAgIIBNyZAjSk45UwDQYJKoZIhvcNAQELBQAwFTETMBEGA1UE\nAxMKa3ViZXJuZXRlczAeFw0yNTA2MDkxOTU4NDJaFw0zNTA2MDcyMDAzNDJaMBUx\nEzARBgNVBAMTCmt1YmVybmV0ZXMwggEiMA0GCSqGSIb3DQEBAQUAA4IBDwAwggEK\nAoIBAQC+xKBqzKXxVB1TDFQAcud5xye4pDaVL/pAmu3lvqaOmGPyH1pROK/r18GG\npUeP/KxO/jqEDJtCcYN8UO4y4YIBajgHjZ2P37B48QcSUVTofrraDrRdZ4qi27gF\nptuqbv0rYd0fX380mTEuOQE2uG8B8lsDP1/wuCO+GLnTgjLLqaBqz9djtIkamYeG\naNOSbKCd1IdMDh1FmJlFTFZHIE1ElXOFTeFAjpRZlQsU+uo1vFbkudSQrgvUW1mc\n2X6tTERtkv3XUwj//ZRmuvm21jxCgjKW8ASTi7ZfhNIp5Ik1cuJFoaerp57PmeL6\njv+1QUuKXOFkPeFZSpPJgBpSohgbAgMBAAGjWTBXMA4GA1UdDwEB/wQEAwICpDAP\nBgNVHRMBAf8EBTADAQH/MB0GA1UdDgQWBBTcGTh7ITsuj16dQO9/WK2PzI6q9DAV\nBgNVHREEDjAMggprdWJlcm5ldGVzMA0GCSqGSIb3DQEBCwUAA4IBAQAMNCEh16r9\nYd4VVqQW55xDQ4AYvifCvZ+to+Nxuj/cGU/Mv4goYKxVSJ4bvqapqdt91wTh9sXw\nH6qkNYiQkgBKMnrsajoQeQhoVoZZkesLyVEk/UlXArefMtnknuCUrPix2EdHI24J\n/cOImZhmsJ0q689S3AdQxfSVMV34Lf9yYqXcc1bqzVz4EEI8yi9Kpxmhrd1atVmY\ne576hyBnyWSGWYn5SsUvOEY6NcEH0azW6YJVT83U50iETzcFpEBtu5MwUg3Oey3b\nF+wlZV5Sup4sg3trVPT4QkyjtlT+47/C6PlIB3bJ5bvE0fUhesxs49yGG4JQtGaG\nZT+P4gFM1gnb\n-----END CERTIFICATE-----\n",
            "id": "https://10CFB7A48D5B078536C213452CF31F25.gr7.us-east-2.eks.amazonaws.com/healthz",
            "insecure": false,
            "request_headers": null,
            "response_headers": {
              "Audit-Id": "efdb6380-9e86-4d3b-b361-5188bcdca773",
              "Cache-Control": "no-cache, private",
              "Content-Length": "2",
              "Content-Type": "text/plain; charset=utf-8",
              "Date": "Mon, 09 Jun 2025 20:16:27 GMT",
              "X-Content-Type-Options": "nosniff",
              "X-Kubernetes-Pf-Flowschema-Uid": "e51d09c2-e3d5-43ac-bd8f-547746f0b6e4",
              "X-Kubernetes-Pf-Prioritylevel-Uid": "b29c2d4f-03c0-48c2-a21e-48399ae7a389"
            },
            "timeout": 300,
            "url": "https://10CFB7A48D5B078536C213452CF31F25.gr7.us-east-2.eks.amazonaws.com/healthz"
          },
          "sensitive_attributes": []
        }
      ]
    },
    {
      "module": "module.eks_cluster.module.eks",
      "mode": "managed",
      "type": "aws_eks_cluster",
      "name": "this",
      "provider": "module.eks_cluster.provider[\"registry.terraform.io/hashicorp/aws\"]",
      "instances": [
        {
          "index_key": 0,
          "schema_version": 1,
          "attributes": {
            "access_config": [
              {
                "authentication_mode": "CONFIG_MAP",
                "bootstrap_cluster_creator_admin_permissions": true
              }
            ],
            "arn": "arn:aws:eks:us-east-2:710879935073:cluster/my-eks-cluster",
            "bootstrap_self_managed_addons": true,
            "certificate_authority": [
              {
                "data": "LS0tLS1CRUdJTiBDRVJUSUZJQ0FURS0tLS0tCk1JSURCVENDQWUyZ0F3SUJBZ0lJQk55WkFqU2s0NVV3RFFZSktvWklodmNOQVFFTEJRQXdGVEVUTUJFR0ExVUUKQXhNS2EzVmlaWEp1WlhSbGN6QWVGdzB5TlRBMk1Ea3hPVFU0TkRKYUZ3MHpOVEEyTURjeU1EQXpOREphTUJVeApFekFSQmdOVkJBTVRDbXQxWW1WeWJtVjBaWE13Z2dFaU1BMEdDU3FHU0liM0RRRUJBUVVBQTRJQkR3QXdnZ0VLCkFvSUJBUUMreEtCcXpLWHhWQjFUREZRQWN1ZDV4eWU0cERhVkwvcEFtdTNsdnFhT21HUHlIMXBST0svcjE4R0cKcFVlUC9LeE8vanFFREp0Q2NZTjhVTzR5NFlJQmFqZ0hqWjJQMzdCNDhRY1NVVlRvZnJyYURyUmRaNHFpMjdnRgpwdHVxYnYwcllkMGZYMzgwbVRFdU9RRTJ1RzhCOGxzRFAxL3d1Q08rR0xuVGdqTExxYUJxejlkanRJa2FtWWVHCmFOT1NiS0NkMUlkTURoMUZtSmxGVEZaSElFMUVsWE9GVGVGQWpwUlpsUXNVK3VvMXZGYmt1ZFNRcmd2VVcxbWMKMlg2dFRFUnRrdjNYVXdqLy9aUm11dm0yMWp4Q2dqS1c4QVNUaTdaZmhOSXA1SWsxY3VKRm9hZXJwNTdQbWVMNgpqdisxUVV1S1hPRmtQZUZaU3BQSmdCcFNvaGdiQWdNQkFBR2pXVEJYTUE0R0ExVWREd0VCL3dRRUF3SUNwREFQCkJnTlZIUk1CQWY4RUJUQURBUUgvTUIwR0ExVWREZ1FXQkJUY0dUaDdJVHN1ajE2ZFFPOS9XSzJQekk2cTlEQVYKQmdOVkhSRUVEakFNZ2dwcmRXSmxjbTVsZEdWek1BMEdDU3FHU0liM0RRRUJDd1VBQTRJQkFRQU1OQ0VoMTZyOQpZZDRWVnFRVzU1eERRNEFZdmlmQ3ZaK3RvK054dWovY0dVL012NGdvWUt4VlNKNGJ2cWFwcWR0OTF3VGg5c1h3Ckg2cWtOWWlRa2dCS01ucnNham9RZVFob1ZvWlprZXNMeVZFay9VbFhBcmVmTXRua251Q1VyUGl4MkVkSEkyNEoKL2NPSW1aaG1zSjBxNjg5UzNBZFF4ZlNWTVYzNExmOXlZcVhjYzFicXpWejRFRUk4eWk5S3B4bWhyZDFhdFZtWQplNTc2aHlCbnlXU0dXWW41U3NVdk9FWTZOY0VIMGF6VzZZSlZUODNVNTBpRVR6Y0ZwRUJ0dTVNd1VnM09leTNiCkYrd2xaVjVTdXA0c2czdHJWUFQ0UWt5anRsVCs0Ny9DNlBsSUIzYko1YnZFMGZVaGVzeHM0OXlHRzRKUXRHYUcKWlQrUDRnRk0xZ25iCi0tLS0tRU5EIENFUlRJRklDQVRFLS0tLS0K"
              }
            ],
            "cluster_id": null,
            "compute_config": [],
            "created_at": "2025-06-09T19:59:23Z",
            "enabled_cluster_log_types": [],
            "encryption_config": [],
            "endpoint": "https://10CFB7A48D5B078536C213452CF31F25.gr7.us-east-2.eks.amazonaws.com",
            "force_update_version": null,
            "id": "my-eks-cluster",
            "identity": [
              {
                "oidc": [
                  {
                    "issuer": "https://oidc.eks.us-east-2.amazonaws.com/id/10CFB7A48D5B078536C213452CF31F25"
                  }
                ]
              }
            ],
            "kubernetes_network_config": [
              {
                "elastic_load_balancing": [
                  {
                    "enabled": false
                  }
                ],
                "ip_family": "ipv4",
                "service_ipv4_cidr": "172.20.0.0/16",
                "service_ipv6_cidr": ""
              }
            ],
            "name": "my-eks-cluster",
            "outpost_config": [],
            "platform_version": "eks.49",
            "remote_network_config": [],
            "role_arn": "arn:aws:iam::710879935073:role/my-eks-cluster20250609195920365500000001",
            "status": "ACTIVE",
            "storage_config": [],
            "tags": {
              "Environment": "dev",
              "Terraform": "true"
            },
            "tags_all": {
              "Environment": "dev",
              "Terraform": "true"
            },
            "timeouts": {
              "create": "30m",
              "delete": "15m",
              "update": null
            },
            "upgrade_policy": [
              {
                "support_type": "EXTENDED"
              }
            ],
            "version": "1.27",
            "vpc_config": [
              {
                "cluster_security_group_id": "sg-030e76e7f3e6f2883",
                "endpoint_private_access": false,
                "endpoint_public_access": true,
                "public_access_cidrs": [
                  "0.0.0.0/0"
                ],
                "security_group_ids": [
                  "sg-033670c165b351976"
                ],
                "subnet_ids": [
                  "subnet-05c695990b1b354a1",
                  "subnet-0ff46000da55d99c3"
                ],
                "vpc_id": "vpc-0e09c1de4f67ee568"
              }
            ],
            "zonal_shift_config": []
          },
          "sensitive_attributes": [],
          "private": "eyJlMmJmYjczMC1lY2FhLTExZTYtOGY4OC0zNDM2M2JjN2M0YzAiOnsiY3JlYXRlIjoxODAwMDAwMDAwMDAwLCJkZWxldGUiOjkwMDAwMDAwMDAwMCwidXBkYXRlIjozNjAwMDAwMDAwMDAwfSwic2NoZW1hX3ZlcnNpb24iOiIxIn0=",
          "dependencies": [
            "module.eks_cluster.aws_subnet.public",
            "module.eks_cluster.aws_vpc.this",
            "module.eks_cluster.module.eks.aws_cloudwatch_log_group.this",
            "module.eks_cluster.module.eks.aws_iam_role.cluster",
            "module.eks_cluster.module.eks.aws_iam_role_policy_attachment.cluster_AmazonEKSClusterPolicy",
            "module.eks_cluster.module.eks.aws_iam_role_policy_attachment.cluster_AmazonEKSServicePolicy",
            "module.eks_cluster.module.eks.aws_iam_role_policy_attachment.cluster_AmazonEKSVPCResourceControllerPolicy",
            "module.eks_cluster.module.eks.aws_security_group.cluster",
            "module.eks_cluster.module.eks.aws_security_group.workers",
            "module.eks_cluster.module.eks.aws_security_group_rule.cluster_egress_internet",
            "module.eks_cluster.module.eks.aws_security_group_rule.cluster_https_worker_ingress",
            "module.eks_cluster.module.eks.data.aws_iam_policy_document.cluster_assume_role_policy",
            "module.eks_cluster.module.eks.data.aws_iam_role.custom_cluster_iam_role",
            "module.eks_cluster.module.eks.data.aws_partition.current"
          ],
          "create_before_destroy": true
        }
      ]
    },
    {
      "module": "module.eks_cluster.module.eks",
      "mode": "managed",
      "type": "aws_iam_policy",
      "name": "cluster_elb_sl_role_creation",
      "provider": "module.eks_cluster.provider[\"registry.terraform.io/hashicorp/aws\"]",
      "instances": [
        {
          "index_key": 0,
          "schema_version": 0,
          "attributes": {
            "arn": "arn:aws:iam::710879935073:policy/my-eks-cluster-elb-sl-role-creation20250609193459515400000001",
            "attachment_count": 1,
            "description": "Permissions for EKS to create AWSServiceRoleForElasticLoadBalancing service-linked role",
            "id": "arn:aws:iam::710879935073:policy/my-eks-cluster-elb-sl-role-creation20250609193459515400000001",
            "name": "my-eks-cluster-elb-sl-role-creation20250609193459515400000001",
            "name_prefix": "my-eks-cluster-elb-sl-role-creation",
            "path": "/",
            "policy": "{\"Statement\":[{\"Action\":[\"ec2:DescribeInternetGateways\",\"ec2:DescribeAddresses\",\"ec2:DescribeAccountAttributes\"],\"Effect\":\"Allow\",\"Resource\":\"*\"}],\"Version\":\"2012-10-17\"}",
            "policy_id": "ANPA2LA567JQZH5CQA3VG",
            "tags": {
              "Environment": "dev",
              "Terraform": "true"
            },
            "tags_all": {
              "Environment": "dev",
              "Terraform": "true"
            }
          },
          "sensitive_attributes": [],
          "private": "bnVsbA==",
          "dependencies": [
            "module.eks_cluster.module.eks.data.aws_iam_policy_document.cluster_elb_sl_role_creation"
          ]
        }
      ]
    },
    {
      "module": "module.eks_cluster.module.eks",
      "mode": "managed",
      "type": "aws_iam_role",
      "name": "cluster",
      "provider": "module.eks_cluster.provider[\"registry.terraform.io/hashicorp/aws\"]",
      "instances": [
        {
          "index_key": 0,
          "schema_version": 0,
          "attributes": {
            "arn": "arn:aws:iam::710879935073:role/my-eks-cluster20250609195920365500000001",
            "assume_role_policy": "{\"Statement\":[{\"Action\":\"sts:AssumeRole\",\"Effect\":\"Allow\",\"Principal\":{\"Service\":\"eks.amazonaws.com\"},\"Sid\":\"EKSClusterAssumeRole\"}],\"Version\":\"2012-10-17\"}",
            "create_date": "2025-06-09T19:59:20Z",
            "description": "",
            "force_detach_policies": true,
            "id": "my-eks-cluster20250609195920365500000001",
            "inline_policy": [],
            "managed_policy_arns": [
              "arn:aws:iam::710879935073:policy/my-eks-cluster-elb-sl-role-creation20250609193459515400000001",
              "arn:aws:iam::aws:policy/AmazonEKSClusterPolicy",
              "arn:aws:iam::aws:policy/AmazonEKSServicePolicy",
              "arn:aws:iam::aws:policy/AmazonEKSVPCResourceController"
            ],
            "max_session_duration": 3600,
            "name": "my-eks-cluster20250609195920365500000001",
            "name_prefix": "my-eks-cluster",
            "path": "/",
            "permissions_boundary": "",
            "tags": {
              "Environment": "dev",
              "Terraform": "true"
            },
            "tags_all": {
              "Environment": "dev",
              "Terraform": "true"
            },
            "unique_id": "AROA2LA567JQR4GFOKWPH"
          },
          "sensitive_attributes": [],
          "private": "bnVsbA==",
          "dependencies": [
            "module.eks_cluster.module.eks.data.aws_iam_policy_document.cluster_assume_role_policy"
          ],
          "create_before_destroy": true
        }
      ]
    },
    {
      "module": "module.eks_cluster.module.eks",
      "mode": "managed",
      "type": "aws_iam_role",
      "name": "workers",
      "provider": "module.eks_cluster.provider[\"registry.terraform.io/hashicorp/aws\"]",
      "instances": [
        {
          "index_key": 0,
          "schema_version": 0,
          "attributes": {
            "arn": "arn:aws:iam::710879935073:role/my-eks-cluster20250609200603982500000006",
            "assume_role_policy": "{\"Statement\":[{\"Action\":\"sts:AssumeRole\",\"Effect\":\"Allow\",\"Principal\":{\"Service\":\"ec2.amazonaws.com\"},\"Sid\":\"EKSWorkerAssumeRole\"}],\"Version\":\"2012-10-17\"}",
            "create_date": "2025-06-09T20:06:04Z",
            "description": "",
            "force_detach_policies": true,
            "id": "my-eks-cluster20250609200603982500000006",
            "inline_policy": [],
            "managed_policy_arns": [
              "arn:aws:iam::aws:policy/AmazonEC2ContainerRegistryReadOnly",
              "arn:aws:iam::aws:policy/AmazonEKSWorkerNodePolicy",
              "arn:aws:iam::aws:policy/AmazonEKS_CNI_Policy"
            ],
            "max_session_duration": 3600,
            "name": "my-eks-cluster20250609200603982500000006",
            "name_prefix": "my-eks-cluster",
            "path": "/",
            "permissions_boundary": "",
            "tags": {
              "Environment": "dev",
              "Terraform": "true"
            },
            "tags_all": {
              "Environment": "dev",
              "Terraform": "true"
            },
            "unique_id": "AROA2LA567JQYII3FZXQZ"
          },
          "sensitive_attributes": [],
          "private": "bnVsbA==",
          "dependencies": [
            "module.eks_cluster.aws_subnet.public",
            "module.eks_cluster.aws_vpc.this",
            "module.eks_cluster.module.eks.aws_cloudwatch_log_group.this",
            "module.eks_cluster.module.eks.aws_eks_cluster.this",
            "module.eks_cluster.module.eks.aws_iam_role.cluster",
            "module.eks_cluster.module.eks.aws_iam_role_policy_attachment.cluster_AmazonEKSClusterPolicy",
            "module.eks_cluster.module.eks.aws_iam_role_policy_attachment.cluster_AmazonEKSServicePolicy",
            "module.eks_cluster.module.eks.aws_iam_role_policy_attachment.cluster_AmazonEKSVPCResourceControllerPolicy",
            "module.eks_cluster.module.eks.aws_security_group.cluster",
            "module.eks_cluster.module.eks.aws_security_group.workers",
            "module.eks_cluster.module.eks.aws_security_group_rule.cluster_egress_internet",
            "module.eks_cluster.module.eks.aws_security_group_rule.cluster_https_worker_ingress",
            "module.eks_cluster.module.eks.data.aws_iam_policy_document.cluster_assume_role_policy",
            "module.eks_cluster.module.eks.data.aws_iam_policy_document.workers_assume_role_policy",
            "module.eks_cluster.module.eks.data.aws_iam_role.custom_cluster_iam_role",
            "module.eks_cluster.module.eks.data.aws_partition.current"
          ],
          "create_before_destroy": true
        }
      ]
    },
    {
      "module": "module.eks_cluster.module.eks",
      "mode": "managed",
      "type": "aws_iam_role_policy_attachment",
      "name": "cluster_AmazonEKSClusterPolicy",
      "provider": "module.eks_cluster.provider[\"registry.terraform.io/hashicorp/aws\"]",
      "instances": [
        {
          "index_key": 0,
          "schema_version": 0,
          "attributes": {
            "id": "my-eks-cluster20250609195920365500000001-20250609195920954900000003",
            "policy_arn": "arn:aws:iam::aws:policy/AmazonEKSClusterPolicy",
            "role": "my-eks-cluster20250609195920365500000001"
          },
          "sensitive_attributes": [],
          "private": "bnVsbA==",
          "dependencies": [
            "module.eks_cluster.module.eks.aws_iam_role.cluster",
            "module.eks_cluster.module.eks.data.aws_iam_policy_document.cluster_assume_role_policy",
            "module.eks_cluster.module.eks.data.aws_partition.current"
          ],
          "create_before_destroy": true
        }
      ]
    },
    {
      "module": "module.eks_cluster.module.eks",
      "mode": "managed",
      "type": "aws_iam_role_policy_attachment",
      "name": "cluster_AmazonEKSServicePolicy",
      "provider": "module.eks_cluster.provider[\"registry.terraform.io/hashicorp/aws\"]",
      "instances": [
        {
          "index_key": 0,
          "schema_version": 0,
          "attributes": {
            "id": "my-eks-cluster20250609195920365500000001-20250609195920957100000004",
            "policy_arn": "arn:aws:iam::aws:policy/AmazonEKSServicePolicy",
            "role": "my-eks-cluster20250609195920365500000001"
          },
          "sensitive_attributes": [],
          "private": "bnVsbA==",
          "dependencies": [
            "module.eks_cluster.module.eks.aws_iam_role.cluster",
            "module.eks_cluster.module.eks.data.aws_iam_policy_document.cluster_assume_role_policy",
            "module.eks_cluster.module.eks.data.aws_partition.current"
          ],
          "create_before_destroy": true
        }
      ]
    },
    {
      "module": "module.eks_cluster.module.eks",
      "mode": "managed",
      "type": "aws_iam_role_policy_attachment",
      "name": "cluster_AmazonEKSVPCResourceControllerPolicy",
      "provider": "module.eks_cluster.provider[\"registry.terraform.io/hashicorp/aws\"]",
      "instances": [
        {
          "index_key": 0,
          "schema_version": 0,
          "attributes": {
            "id": "my-eks-cluster20250609195920365500000001-20250609195920954700000002",
            "policy_arn": "arn:aws:iam::aws:policy/AmazonEKSVPCResourceController",
            "role": "my-eks-cluster20250609195920365500000001"
          },
          "sensitive_attributes": [],
          "private": "bnVsbA==",
          "dependencies": [
            "module.eks_cluster.module.eks.aws_iam_role.cluster",
            "module.eks_cluster.module.eks.data.aws_iam_policy_document.cluster_assume_role_policy",
            "module.eks_cluster.module.eks.data.aws_partition.current"
          ],
          "create_before_destroy": true
        }
      ]
    },
    {
      "module": "module.eks_cluster.module.eks",
      "mode": "managed",
      "type": "aws_iam_role_policy_attachment",
      "name": "cluster_elb_sl_role_creation",
      "provider": "module.eks_cluster.provider[\"registry.terraform.io/hashicorp/aws\"]",
      "instances": [
        {
          "index_key": 0,
          "schema_version": 0,
          "attributes": {
            "id": "my-eks-cluster20250609195920365500000001-20250609195921101000000005",
            "policy_arn": "arn:aws:iam::710879935073:policy/my-eks-cluster-elb-sl-role-creation20250609193459515400000001",
            "role": "my-eks-cluster20250609195920365500000001"
          },
          "sensitive_attributes": [],
          "private": "bnVsbA==",
          "dependencies": [
            "module.eks_cluster.module.eks.aws_iam_policy.cluster_elb_sl_role_creation",
            "module.eks_cluster.module.eks.aws_iam_role.cluster",
            "module.eks_cluster.module.eks.data.aws_iam_policy_document.cluster_assume_role_policy",
            "module.eks_cluster.module.eks.data.aws_iam_policy_document.cluster_elb_sl_role_creation"
          ]
        }
      ]
    },
    {
      "module": "module.eks_cluster.module.eks",
      "mode": "managed",
      "type": "aws_iam_role_policy_attachment",
      "name": "workers_AmazonEC2ContainerRegistryReadOnly",
      "provider": "module.eks_cluster.provider[\"registry.terraform.io/hashicorp/aws\"]",
      "instances": [
        {
          "index_key": 0,
          "schema_version": 0,
          "attributes": {
            "id": "my-eks-cluster20250609200603982500000006-20250609200604590400000007",
            "policy_arn": "arn:aws:iam::aws:policy/AmazonEC2ContainerRegistryReadOnly",
            "role": "my-eks-cluster20250609200603982500000006"
          },
          "sensitive_attributes": [],
          "private": "bnVsbA==",
          "dependencies": [
            "module.eks_cluster.aws_subnet.public",
            "module.eks_cluster.aws_vpc.this",
            "module.eks_cluster.module.eks.aws_cloudwatch_log_group.this",
            "module.eks_cluster.module.eks.aws_eks_cluster.this",
            "module.eks_cluster.module.eks.aws_iam_role.cluster",
            "module.eks_cluster.module.eks.aws_iam_role.workers",
            "module.eks_cluster.module.eks.aws_iam_role_policy_attachment.cluster_AmazonEKSClusterPolicy",
            "module.eks_cluster.module.eks.aws_iam_role_policy_attachment.cluster_AmazonEKSServicePolicy",
            "module.eks_cluster.module.eks.aws_iam_role_policy_attachment.cluster_AmazonEKSVPCResourceControllerPolicy",
            "module.eks_cluster.module.eks.aws_security_group.cluster",
            "module.eks_cluster.module.eks.aws_security_group.workers",
            "module.eks_cluster.module.eks.aws_security_group_rule.cluster_egress_internet",
            "module.eks_cluster.module.eks.aws_security_group_rule.cluster_https_worker_ingress",
            "module.eks_cluster.module.eks.data.aws_iam_policy_document.cluster_assume_role_policy",
            "module.eks_cluster.module.eks.data.aws_iam_policy_document.workers_assume_role_policy",
            "module.eks_cluster.module.eks.data.aws_iam_role.custom_cluster_iam_role",
            "module.eks_cluster.module.eks.data.aws_partition.current"
          ],
          "create_before_destroy": true
        }
      ]
    },
    {
      "module": "module.eks_cluster.module.eks",
      "mode": "managed",
      "type": "aws_iam_role_policy_attachment",
      "name": "workers_AmazonEKSWorkerNodePolicy",
      "provider": "module.eks_cluster.provider[\"registry.terraform.io/hashicorp/aws\"]",
      "instances": [
        {
          "index_key": 0,
          "schema_version": 0,
          "attributes": {
            "id": "my-eks-cluster20250609200603982500000006-20250609200604659500000008",
            "policy_arn": "arn:aws:iam::aws:policy/AmazonEKSWorkerNodePolicy",
            "role": "my-eks-cluster20250609200603982500000006"
          },
          "sensitive_attributes": [],
          "private": "bnVsbA==",
          "dependencies": [
            "module.eks_cluster.aws_subnet.public",
            "module.eks_cluster.aws_vpc.this",
            "module.eks_cluster.module.eks.aws_cloudwatch_log_group.this",
            "module.eks_cluster.module.eks.aws_eks_cluster.this",
            "module.eks_cluster.module.eks.aws_iam_role.cluster",
            "module.eks_cluster.module.eks.aws_iam_role.workers",
            "module.eks_cluster.module.eks.aws_iam_role_policy_attachment.cluster_AmazonEKSClusterPolicy",
            "module.eks_cluster.module.eks.aws_iam_role_policy_attachment.cluster_AmazonEKSServicePolicy",
            "module.eks_cluster.module.eks.aws_iam_role_policy_attachment.cluster_AmazonEKSVPCResourceControllerPolicy",
            "module.eks_cluster.module.eks.aws_security_group.cluster",
            "module.eks_cluster.module.eks.aws_security_group.workers",
            "module.eks_cluster.module.eks.aws_security_group_rule.cluster_egress_internet",
            "module.eks_cluster.module.eks.aws_security_group_rule.cluster_https_worker_ingress",
            "module.eks_cluster.module.eks.data.aws_iam_policy_document.cluster_assume_role_policy",
            "module.eks_cluster.module.eks.data.aws_iam_policy_document.workers_assume_role_policy",
            "module.eks_cluster.module.eks.data.aws_iam_role.custom_cluster_iam_role",
            "module.eks_cluster.module.eks.data.aws_partition.current"
          ],
          "create_before_destroy": true
        }
      ]
    },
    {
      "module": "module.eks_cluster.module.eks",
      "mode": "managed",
      "type": "aws_iam_role_policy_attachment",
      "name": "workers_AmazonEKS_CNI_Policy",
      "provider": "module.eks_cluster.provider[\"registry.terraform.io/hashicorp/aws\"]",
      "instances": [
        {
          "index_key": 0,
          "schema_version": 0,
          "attributes": {
            "id": "my-eks-cluster20250609200603982500000006-20250609200604688700000009",
            "policy_arn": "arn:aws:iam::aws:policy/AmazonEKS_CNI_Policy",
            "role": "my-eks-cluster20250609200603982500000006"
          },
          "sensitive_attributes": [],
          "private": "bnVsbA==",
          "dependencies": [
            "module.eks_cluster.aws_subnet.public",
            "module.eks_cluster.aws_vpc.this",
            "module.eks_cluster.module.eks.aws_cloudwatch_log_group.this",
            "module.eks_cluster.module.eks.aws_eks_cluster.this",
            "module.eks_cluster.module.eks.aws_iam_role.cluster",
            "module.eks_cluster.module.eks.aws_iam_role.workers",
            "module.eks_cluster.module.eks.aws_iam_role_policy_attachment.cluster_AmazonEKSClusterPolicy",
            "module.eks_cluster.module.eks.aws_iam_role_policy_attachment.cluster_AmazonEKSServicePolicy",
            "module.eks_cluster.module.eks.aws_iam_role_policy_attachment.cluster_AmazonEKSVPCResourceControllerPolicy",
            "module.eks_cluster.module.eks.aws_security_group.cluster",
            "module.eks_cluster.module.eks.aws_security_group.workers",
            "module.eks_cluster.module.eks.aws_security_group_rule.cluster_egress_internet",
            "module.eks_cluster.module.eks.aws_security_group_rule.cluster_https_worker_ingress",
            "module.eks_cluster.module.eks.data.aws_iam_policy_document.cluster_assume_role_policy",
            "module.eks_cluster.module.eks.data.aws_iam_policy_document.workers_assume_role_policy",
            "module.eks_cluster.module.eks.data.aws_iam_role.custom_cluster_iam_role",
            "module.eks_cluster.module.eks.data.aws_partition.current"
          ],
          "create_before_destroy": true
        }
      ]
    },
    {
      "module": "module.eks_cluster.module.eks",
      "mode": "managed",
      "type": "aws_security_group",
      "name": "cluster",
      "provider": "module.eks_cluster.provider[\"registry.terraform.io/hashicorp/aws\"]",
      "instances": [
        {
          "index_key": 0,
          "schema_version": 1,
          "attributes": {
            "arn": "arn:aws:ec2:us-east-2:710879935073:security-group/sg-033670c165b351976",
            "description": "EKS cluster security group.",
            "egress": [
              {
                "cidr_blocks": [
                  "0.0.0.0/0"
                ],
                "description": "Allow cluster egress access to the Internet.",
                "from_port": 0,
                "ipv6_cidr_blocks": [],
                "prefix_list_ids": [],
                "protocol": "-1",
                "security_groups": [],
                "self": false,
                "to_port": 0
              }
            ],
            "id": "sg-033670c165b351976",
            "ingress": [
              {
                "cidr_blocks": [],
                "description": "Allow pods to communicate with the EKS cluster API.",
                "from_port": 443,
                "ipv6_cidr_blocks": [],
                "prefix_list_ids": [],
                "protocol": "tcp",
                "security_groups": [
                  "sg-0e03366d32e5c62ed"
                ],
                "self": false,
                "to_port": 443
              }
            ],
            "name": "my-eks-cluster20250609193500912500000007",
            "name_prefix": "my-eks-cluster",
            "owner_id": "710879935073",
            "revoke_rules_on_delete": false,
            "tags": {
              "Environment": "dev",
              "Name": "my-eks-cluster-eks_cluster_sg",
              "Terraform": "true"
            },
            "tags_all": {
              "Environment": "dev",
              "Name": "my-eks-cluster-eks_cluster_sg",
              "Terraform": "true"
            },
            "timeouts": null,
            "vpc_id": "vpc-0e09c1de4f67ee568"
          },
          "sensitive_attributes": [],
          "private": "eyJlMmJmYjczMC1lY2FhLTExZTYtOGY4OC0zNDM2M2JjN2M0YzAiOnsiY3JlYXRlIjo2MDAwMDAwMDAwMDAsImRlbGV0ZSI6OTAwMDAwMDAwMDAwfSwic2NoZW1hX3ZlcnNpb24iOiIxIn0=",
          "dependencies": [
            "module.eks_cluster.aws_vpc.this"
          ],
          "create_before_destroy": true
        }
      ]
    },
    {
      "module": "module.eks_cluster.module.eks",
      "mode": "managed",
      "type": "aws_security_group",
      "name": "workers",
      "provider": "module.eks_cluster.provider[\"registry.terraform.io/hashicorp/aws\"]",
      "instances": [
        {
          "index_key": 0,
          "schema_version": 1,
          "attributes": {
            "arn": "arn:aws:ec2:us-east-2:710879935073:security-group/sg-0e03366d32e5c62ed",
            "description": "Security group for all nodes in the cluster.",
            "egress": [
              {
                "cidr_blocks": [
                  "0.0.0.0/0"
                ],
                "description": "Allow nodes all egress to the Internet.",
                "from_port": 0,
                "ipv6_cidr_blocks": [],
                "prefix_list_ids": [],
                "protocol": "-1",
                "security_groups": [],
                "self": false,
                "to_port": 0
              }
            ],
            "id": "sg-0e03366d32e5c62ed",
            "ingress": [
              {
                "cidr_blocks": [],
                "description": "Allow node to communicate with each other.",
                "from_port": 0,
                "ipv6_cidr_blocks": [],
                "prefix_list_ids": [],
                "protocol": "-1",
                "security_groups": [],
                "self": true,
                "to_port": 0
              },
              {
                "cidr_blocks": [],
                "description": "Allow pods running extension API servers on port 443 to receive communication from cluster control plane.",
                "from_port": 443,
                "ipv6_cidr_blocks": [],
                "prefix_list_ids": [],
                "protocol": "tcp",
                "security_groups": [
                  "sg-033670c165b351976"
                ],
                "self": false,
                "to_port": 443
              },
              {
                "cidr_blocks": [],
                "description": "Allow workers pods to receive communication from the cluster control plane.",
                "from_port": 1025,
                "ipv6_cidr_blocks": [],
                "prefix_list_ids": [],
                "protocol": "tcp",
                "security_groups": [
                  "sg-033670c165b351976"
                ],
                "self": false,
                "to_port": 65535
              }
            ],
            "name": "my-eks-cluster20250609193500913400000009",
            "name_prefix": "my-eks-cluster",
            "owner_id": "710879935073",
            "revoke_rules_on_delete": false,
            "tags": {
              "Environment": "dev",
              "Name": "my-eks-cluster-eks_worker_sg",
              "Terraform": "true",
              "kubernetes.io/cluster/my-eks-cluster": "owned"
            },
            "tags_all": {
              "Environment": "dev",
              "Name": "my-eks-cluster-eks_worker_sg",
              "Terraform": "true",
              "kubernetes.io/cluster/my-eks-cluster": "owned"
            },
            "timeouts": null,
            "vpc_id": "vpc-0e09c1de4f67ee568"
          },
          "sensitive_attributes": [],
          "private": "eyJlMmJmYjczMC1lY2FhLTExZTYtOGY4OC0zNDM2M2JjN2M0YzAiOnsiY3JlYXRlIjo2MDAwMDAwMDAwMDAsImRlbGV0ZSI6OTAwMDAwMDAwMDAwfSwic2NoZW1hX3ZlcnNpb24iOiIxIn0=",
          "dependencies": [
            "module.eks_cluster.aws_vpc.this"
          ],
          "create_before_destroy": true
        }
      ]
    },
    {
      "module": "module.eks_cluster.module.eks",
      "mode": "managed",
      "type": "aws_security_group_rule",
      "name": "cluster_egress_internet",
      "provider": "module.eks_cluster.provider[\"registry.terraform.io/hashicorp/aws\"]",
      "instances": [
        {
          "index_key": 0,
          "schema_version": 2,
          "attributes": {
            "cidr_blocks": [
              "0.0.0.0/0"
            ],
            "description": "Allow cluster egress access to the Internet.",
            "from_port": 0,
            "id": "sgrule-2319229718",
            "ipv6_cidr_blocks": null,
            "prefix_list_ids": null,
            "protocol": "-1",
            "security_group_id": "sg-033670c165b351976",
            "security_group_rule_id": "sgr-07c9c1ce82c4e4a37",
            "self": false,
            "source_security_group_id": null,
            "timeouts": null,
            "to_port": 0,
            "type": "egress"
          },
          "sensitive_attributes": [],
          "private": "eyJlMmJmYjczMC1lY2FhLTExZTYtOGY4OC0zNDM2M2JjN2M0YzAiOnsiY3JlYXRlIjozMDAwMDAwMDAwMDB9LCJzY2hlbWFfdmVyc2lvbiI6IjIifQ==",
          "dependencies": [
            "module.eks_cluster.aws_vpc.this",
            "module.eks_cluster.module.eks.aws_security_group.cluster"
          ],
          "create_before_destroy": true
        }
      ]
    },
    {
      "module": "module.eks_cluster.module.eks",
      "mode": "managed",
      "type": "aws_security_group_rule",
      "name": "cluster_https_worker_ingress",
      "provider": "module.eks_cluster.provider[\"registry.terraform.io/hashicorp/aws\"]",
      "instances": [
        {
          "index_key": 0,
          "schema_version": 2,
          "attributes": {
            "cidr_blocks": null,
            "description": "Allow pods to communicate with the EKS cluster API.",
            "from_port": 443,
            "id": "sgrule-1183786032",
            "ipv6_cidr_blocks": null,
            "prefix_list_ids": null,
            "protocol": "tcp",
            "security_group_id": "sg-033670c165b351976",
            "security_group_rule_id": "sgr-05b86789ae7ccb20e",
            "self": false,
            "source_security_group_id": "sg-0e03366d32e5c62ed",
            "timeouts": null,
            "to_port": 443,
            "type": "ingress"
          },
          "sensitive_attributes": [],
          "private": "eyJlMmJmYjczMC1lY2FhLTExZTYtOGY4OC0zNDM2M2JjN2M0YzAiOnsiY3JlYXRlIjozMDAwMDAwMDAwMDB9LCJzY2hlbWFfdmVyc2lvbiI6IjIifQ==",
          "dependencies": [
            "module.eks_cluster.aws_vpc.this",
            "module.eks_cluster.module.eks.aws_security_group.cluster",
            "module.eks_cluster.module.eks.aws_security_group.workers"
          ],
          "create_before_destroy": true
        }
      ]
    },
    {
      "module": "module.eks_cluster.module.eks",
      "mode": "managed",
      "type": "aws_security_group_rule",
      "name": "workers_egress_internet",
      "provider": "module.eks_cluster.provider[\"registry.terraform.io/hashicorp/aws\"]",
      "instances": [
        {
          "index_key": 0,
          "schema_version": 2,
          "attributes": {
            "cidr_blocks": [
              "0.0.0.0/0"
            ],
            "description": "Allow nodes all egress to the Internet.",
            "from_port": 0,
            "id": "sgrule-49640564",
            "ipv6_cidr_blocks": null,
            "prefix_list_ids": null,
            "protocol": "-1",
            "security_group_id": "sg-0e03366d32e5c62ed",
            "security_group_rule_id": "sgr-019b1dfeaedd4c065",
            "self": false,
            "source_security_group_id": null,
            "timeouts": null,
            "to_port": 0,
            "type": "egress"
          },
          "sensitive_attributes": [],
          "private": "eyJlMmJmYjczMC1lY2FhLTExZTYtOGY4OC0zNDM2M2JjN2M0YzAiOnsiY3JlYXRlIjozMDAwMDAwMDAwMDB9LCJzY2hlbWFfdmVyc2lvbiI6IjIifQ==",
          "dependencies": [
            "module.eks_cluster.aws_vpc.this",
            "module.eks_cluster.module.eks.aws_security_group.workers"
          ],
          "create_before_destroy": true
        }
      ]
    },
    {
      "module": "module.eks_cluster.module.eks",
      "mode": "managed",
      "type": "aws_security_group_rule",
      "name": "workers_ingress_cluster",
      "provider": "module.eks_cluster.provider[\"registry.terraform.io/hashicorp/aws\"]",
      "instances": [
        {
          "index_key": 0,
          "schema_version": 2,
          "attributes": {
            "cidr_blocks": null,
            "description": "Allow workers pods to receive communication from the cluster control plane.",
            "from_port": 1025,
            "id": "sgrule-152967721",
            "ipv6_cidr_blocks": null,
            "prefix_list_ids": null,
            "protocol": "tcp",
            "security_group_id": "sg-0e03366d32e5c62ed",
            "security_group_rule_id": "sgr-0345cc0da2c1b9483",
            "self": false,
            "source_security_group_id": "sg-033670c165b351976",
            "timeouts": null,
            "to_port": 65535,
            "type": "ingress"
          },
          "sensitive_attributes": [],
          "private": "eyJlMmJmYjczMC1lY2FhLTExZTYtOGY4OC0zNDM2M2JjN2M0YzAiOnsiY3JlYXRlIjozMDAwMDAwMDAwMDB9LCJzY2hlbWFfdmVyc2lvbiI6IjIifQ==",
          "dependencies": [
            "module.eks_cluster.aws_vpc.this",
            "module.eks_cluster.module.eks.aws_security_group.cluster",
            "module.eks_cluster.module.eks.aws_security_group.workers"
          ],
          "create_before_destroy": true
        }
      ]
    },
    {
      "module": "module.eks_cluster.module.eks",
      "mode": "managed",
      "type": "aws_security_group_rule",
      "name": "workers_ingress_cluster_https",
      "provider": "module.eks_cluster.provider[\"registry.terraform.io/hashicorp/aws\"]",
      "instances": [
        {
          "index_key": 0,
          "schema_version": 2,
          "attributes": {
            "cidr_blocks": null,
            "description": "Allow pods running extension API servers on port 443 to receive communication from cluster control plane.",
            "from_port": 443,
            "id": "sgrule-2673963563",
            "ipv6_cidr_blocks": null,
            "prefix_list_ids": null,
            "protocol": "tcp",
            "security_group_id": "sg-0e03366d32e5c62ed",
            "security_group_rule_id": "sgr-0697d49de0ca0390f",
            "self": false,
            "source_security_group_id": "sg-033670c165b351976",
            "timeouts": null,
            "to_port": 443,
            "type": "ingress"
          },
          "sensitive_attributes": [],
          "private": "eyJlMmJmYjczMC1lY2FhLTExZTYtOGY4OC0zNDM2M2JjN2M0YzAiOnsiY3JlYXRlIjozMDAwMDAwMDAwMDB9LCJzY2hlbWFfdmVyc2lvbiI6IjIifQ==",
          "dependencies": [
            "module.eks_cluster.aws_vpc.this",
            "module.eks_cluster.module.eks.aws_security_group.cluster",
            "module.eks_cluster.module.eks.aws_security_group.workers"
          ],
          "create_before_destroy": true
        }
      ]
    },
    {
      "module": "module.eks_cluster.module.eks",
      "mode": "managed",
      "type": "aws_security_group_rule",
      "name": "workers_ingress_self",
      "provider": "module.eks_cluster.provider[\"registry.terraform.io/hashicorp/aws\"]",
      "instances": [
        {
          "index_key": 0,
          "schema_version": 2,
          "attributes": {
            "cidr_blocks": null,
            "description": "Allow node to communicate with each other.",
            "from_port": 0,
            "id": "sgrule-3339304504",
            "ipv6_cidr_blocks": null,
            "prefix_list_ids": null,
            "protocol": "-1",
            "security_group_id": "sg-0e03366d32e5c62ed",
            "security_group_rule_id": "sgr-0eff528ff2c34a018",
            "self": false,
            "source_security_group_id": "sg-0e03366d32e5c62ed",
            "timeouts": null,
            "to_port": 0,
            "type": "ingress"
          },
          "sensitive_attributes": [],
          "private": "eyJlMmJmYjczMC1lY2FhLTExZTYtOGY4OC0zNDM2M2JjN2M0YzAiOnsiY3JlYXRlIjozMDAwMDAwMDAwMDB9LCJzY2hlbWFfdmVyc2lvbiI6IjIifQ==",
          "dependencies": [
            "module.eks_cluster.aws_vpc.this",
            "module.eks_cluster.module.eks.aws_security_group.workers"
          ],
          "create_before_destroy": true
        }
      ]
    },
    {
      "module": "module.eks_cluster.module.eks",
      "mode": "managed",
      "type": "kubernetes_config_map",
      "name": "aws_auth",
      "provider": "module.eks_cluster.provider[\"registry.terraform.io/hashicorp/kubernetes\"]",
      "instances": [
        {
          "index_key": 0,
          "schema_version": 0,
          "attributes": {
            "binary_data": null,
            "data": {
              "mapAccounts": "[]\n",
              "mapRoles": "- \"groups\":\n  - \"system:bootstrappers\"\n  - \"system:nodes\"\n  \"rolearn\": \"arn:aws:iam::710879935073:role/my-eks-cluster20250609200603982500000006\"\n  \"username\": \"system:node:{{EC2PrivateDNSName}}\"\n",
              "mapUsers": "[]\n"
            },
            "id": "kube-system/aws-auth",
            "immutable": false,
            "metadata": [
              {
                "annotations": null,
                "generate_name": "",
                "generation": 0,
                "labels": {
                  "app.kubernetes.io/managed-by": "Terraform",
                  "terraform.io/module": "terraform-aws-modules.eks.aws"
                },
                "name": "aws-auth",
                "namespace": "kube-system",
                "resource_version": "2191",
                "uid": "541700c4-99c9-441a-adff-0d028e6e8ea5"
              }
            ]
          },
          "sensitive_attributes": [],
          "private": "bnVsbA==",
          "dependencies": [
            "module.eks_cluster.aws_subnet.public",
            "module.eks_cluster.module.eks.aws_eks_cluster.this",
            "module.eks_cluster.module.eks.aws_iam_instance_profile.workers",
            "module.eks_cluster.module.eks.aws_iam_instance_profile.workers_launch_template",
            "module.eks_cluster.module.eks.aws_iam_role.workers",
            "module.eks_cluster.module.eks.data.aws_ami.eks_worker",
            "module.eks_cluster.module.eks.data.aws_ami.eks_worker_windows",
            "module.eks_cluster.module.eks.data.aws_caller_identity.current",
            "module.eks_cluster.module.eks.data.aws_iam_instance_profile.custom_worker_group_iam_instance_profile",
            "module.eks_cluster.module.eks.data.aws_iam_instance_profile.custom_worker_group_launch_template_iam_instance_profile",
            "module.eks_cluster.module.eks.data.aws_partition.current",
            "module.eks_cluster.module.eks.data.http.wait_for_cluster",
            "module.eks_cluster.module.eks.module.fargate.aws_iam_role.eks_fargate_pod",
            "module.eks_cluster.module.eks.module.fargate.data.aws_iam_role.custom_fargate_iam_role"
          ],
          "create_before_destroy": true
        }
      ]
    },
    {
      "module": "module.eks_cluster.module.eks",
      "mode": "managed",
      "type": "local_file",
      "name": "kubeconfig",
      "provider": "provider[\"registry.terraform.io/hashicorp/local\"]",
      "instances": [
        {
          "index_key": 0,
          "schema_version": 0,
          "attributes": {
            "content": "apiVersion: v1\npreferences: {}\nkind: Config\n\nclusters:\n- cluster:\n    server: https://10CFB7A48D5B078536C213452CF31F25.gr7.us-east-2.eks.amazonaws.com\n    certificate-authority-data: LS0tLS1CRUdJTiBDRVJUSUZJQ0FURS0tLS0tCk1JSURCVENDQWUyZ0F3SUJBZ0lJQk55WkFqU2s0NVV3RFFZSktvWklodmNOQVFFTEJRQXdGVEVUTUJFR0ExVUUKQXhNS2EzVmlaWEp1WlhSbGN6QWVGdzB5TlRBMk1Ea3hPVFU0TkRKYUZ3MHpOVEEyTURjeU1EQXpOREphTUJVeApFekFSQmdOVkJBTVRDbXQxWW1WeWJtVjBaWE13Z2dFaU1BMEdDU3FHU0liM0RRRUJBUVVBQTRJQkR3QXdnZ0VLCkFvSUJBUUMreEtCcXpLWHhWQjFUREZRQWN1ZDV4eWU0cERhVkwvcEFtdTNsdnFhT21HUHlIMXBST0svcjE4R0cKcFVlUC9LeE8vanFFREp0Q2NZTjhVTzR5NFlJQmFqZ0hqWjJQMzdCNDhRY1NVVlRvZnJyYURyUmRaNHFpMjdnRgpwdHVxYnYwcllkMGZYMzgwbVRFdU9RRTJ1RzhCOGxzRFAxL3d1Q08rR0xuVGdqTExxYUJxejlkanRJa2FtWWVHCmFOT1NiS0NkMUlkTURoMUZtSmxGVEZaSElFMUVsWE9GVGVGQWpwUlpsUXNVK3VvMXZGYmt1ZFNRcmd2VVcxbWMKMlg2dFRFUnRrdjNYVXdqLy9aUm11dm0yMWp4Q2dqS1c4QVNUaTdaZmhOSXA1SWsxY3VKRm9hZXJwNTdQbWVMNgpqdisxUVV1S1hPRmtQZUZaU3BQSmdCcFNvaGdiQWdNQkFBR2pXVEJYTUE0R0ExVWREd0VCL3dRRUF3SUNwREFQCkJnTlZIUk1CQWY4RUJUQURBUUgvTUIwR0ExVWREZ1FXQkJUY0dUaDdJVHN1ajE2ZFFPOS9XSzJQekk2cTlEQVYKQmdOVkhSRUVEakFNZ2dwcmRXSmxjbTVsZEdWek1BMEdDU3FHU0liM0RRRUJDd1VBQTRJQkFRQU1OQ0VoMTZyOQpZZDRWVnFRVzU1eERRNEFZdmlmQ3ZaK3RvK054dWovY0dVL012NGdvWUt4VlNKNGJ2cWFwcWR0OTF3VGg5c1h3Ckg2cWtOWWlRa2dCS01ucnNham9RZVFob1ZvWlprZXNMeVZFay9VbFhBcmVmTXRua251Q1VyUGl4MkVkSEkyNEoKL2NPSW1aaG1zSjBxNjg5UzNBZFF4ZlNWTVYzNExmOXlZcVhjYzFicXpWejRFRUk4eWk5S3B4bWhyZDFhdFZtWQplNTc2aHlCbnlXU0dXWW41U3NVdk9FWTZOY0VIMGF6VzZZSlZUODNVNTBpRVR6Y0ZwRUJ0dTVNd1VnM09leTNiCkYrd2xaVjVTdXA0c2czdHJWUFQ0UWt5anRsVCs0Ny9DNlBsSUIzYko1YnZFMGZVaGVzeHM0OXlHRzRKUXRHYUcKWlQrUDRnRk0xZ25iCi0tLS0tRU5EIENFUlRJRklDQVRFLS0tLS0K\n  name: eks_my-eks-cluster\n\ncontexts:\n- context:\n    cluster: eks_my-eks-cluster\n    user: eks_my-eks-cluster\n  name: eks_my-eks-cluster\n\ncurrent-context: eks_my-eks-cluster\n\nusers:\n- name: eks_my-eks-cluster\n  user:\n    exec:\n      apiVersion: client.authentication.k8s.io/v1alpha1\n      command: aws-iam-authenticator\n      args:\n        - \"token\"\n        - \"-i\"\n        - \"my-eks-cluster\"\n",
            "content_base64": null,
            "content_base64sha256": "HZnWHbAnocFG6xPJQI7H9u5d/TJQUWoR7uZxIVMlMSQ=",
            "content_base64sha512": "H7iEKYE+rgFhQor/QPjT+Fn19mgTez854JLKm3zz6umovfUgv2wtW2hnLNgj9YE1lE78/741zVq2L9161vIvlg==",
            "content_md5": "39e4965088200d62b192694dc277b598",
            "content_sha1": "afe6cc65b9d7590e18bb78f48cca8a7ddfc31fa3",
            "content_sha256": "1d99d61db027a1c146eb13c9408ec7f6ee5dfd3250516a11eee6712153253124",
            "content_sha512": "1fb88429813eae0161428aff40f8d3f859f5f668137b3f39e092ca9b7cf3eae9a8bdf520bf6c2d5b68672cd823f58135944efcffbe35cd5ab62fdd7ad6f22f96",
            "directory_permission": "0755",
            "file_permission": "0600",
            "filename": "./kubeconfig_my-eks-cluster",
            "id": "afe6cc65b9d7590e18bb78f48cca8a7ddfc31fa3",
            "sensitive_content": null,
            "source": null
          },
          "sensitive_attributes": [],
          "dependencies": [
            "module.eks_cluster.aws_subnet.public",
            "module.eks_cluster.aws_vpc.this",
            "module.eks_cluster.module.eks.aws_cloudwatch_log_group.this",
            "module.eks_cluster.module.eks.aws_eks_cluster.this",
            "module.eks_cluster.module.eks.aws_iam_role.cluster",
            "module.eks_cluster.module.eks.aws_iam_role_policy_attachment.cluster_AmazonEKSClusterPolicy",
            "module.eks_cluster.module.eks.aws_iam_role_policy_attachment.cluster_AmazonEKSServicePolicy",
            "module.eks_cluster.module.eks.aws_iam_role_policy_attachment.cluster_AmazonEKSVPCResourceControllerPolicy",
            "module.eks_cluster.module.eks.aws_security_group.cluster",
            "module.eks_cluster.module.eks.aws_security_group.workers",
            "module.eks_cluster.module.eks.aws_security_group_rule.cluster_egress_internet",
            "module.eks_cluster.module.eks.aws_security_group_rule.cluster_https_worker_ingress",
            "module.eks_cluster.module.eks.data.aws_iam_policy_document.cluster_assume_role_policy",
            "module.eks_cluster.module.eks.data.aws_iam_role.custom_cluster_iam_role",
            "module.eks_cluster.module.eks.data.aws_partition.current"
          ]
        }
      ]
    },
    {
      "module": "module.eks_cluster.module.eks.module.node_groups",
      "mode": "managed",
      "type": "aws_eks_node_group",
      "name": "workers",
      "provider": "module.eks_cluster.provider[\"registry.terraform.io/hashicorp/aws\"]",
      "instances": [
        {
          "index_key": "default",
          "schema_version": 0,
          "attributes": {
            "ami_type": "AL2_x86_64",
            "arn": "arn:aws:eks:us-east-2:710879935073:nodegroup/my-eks-cluster/my-eks-cluster-default20250609201639701500000001/a4cbab2b-41f7-b389-ae86-801ee2602c0c",
            "capacity_type": "ON_DEMAND",
            "cluster_name": "my-eks-cluster",
            "disk_size": 100,
            "force_update_version": null,
            "id": "my-eks-cluster:my-eks-cluster-default20250609201639701500000001",
            "instance_types": [
              "t3.micro"
            ],
            "labels": null,
            "launch_template": [],
            "node_group_name": "my-eks-cluster-default20250609201639701500000001",
            "node_group_name_prefix": "my-eks-cluster-default",
            "node_repair_config": [],
            "node_role_arn": "arn:aws:iam::710879935073:role/my-eks-cluster20250609200603982500000006",
            "release_version": "1.27.16-20250519",
            "remote_access": [],
            "resources": [
              {
                "autoscaling_groups": [
                  {
                    "name": "eks-my-eks-cluster-default20250609201639701500000001-a4cbab2b-41f7-b389-ae86-801ee2602c0c"
                  }
                ],
                "remote_access_security_group_id": ""
              }
            ],
            "scaling_config": [
              {
                "desired_size": 2,
                "max_size": 3,
                "min_size": 1
              }
            ],
            "status": "ACTIVE",
            "subnet_ids": [
              "subnet-05c695990b1b354a1",
              "subnet-0ff46000da55d99c3"
            ],
            "tags": {
              "Environment": "dev",
              "Terraform": "true"
            },
            "tags_all": {
              "Environment": "dev",
              "Terraform": "true"
            },
            "taint": [],
            "timeouts": null,
            "update_config": [
              {
                "max_unavailable": 1,
                "max_unavailable_percentage": 0
              }
            ],
            "version": "1.27"
          },
          "sensitive_attributes": [],
          "private": "eyJlMmJmYjczMC1lY2FhLTExZTYtOGY4OC0zNDM2M2JjN2M0YzAiOnsiY3JlYXRlIjozNjAwMDAwMDAwMDAwLCJkZWxldGUiOjM2MDAwMDAwMDAwMDAsInVwZGF0ZSI6MzYwMDAwMDAwMDAwMH19",
          "dependencies": [
            "module.eks_cluster.aws_subnet.public",
            "module.eks_cluster.module.eks.aws_eks_cluster.this",
            "module.eks_cluster.module.eks.aws_iam_instance_profile.workers",
            "module.eks_cluster.module.eks.aws_iam_instance_profile.workers_launch_template",
            "module.eks_cluster.module.eks.aws_iam_role.workers",
            "module.eks_cluster.module.eks.aws_iam_role_policy_attachment.workers_AmazonEC2ContainerRegistryReadOnly",
            "module.eks_cluster.module.eks.aws_iam_role_policy_attachment.workers_AmazonEKSWorkerNodePolicy",
            "module.eks_cluster.module.eks.aws_iam_role_policy_attachment.workers_AmazonEKS_CNI_Policy",
            "module.eks_cluster.module.eks.data.aws_ami.eks_worker",
            "module.eks_cluster.module.eks.data.aws_ami.eks_worker_windows",
            "module.eks_cluster.module.eks.data.aws_caller_identity.current",
            "module.eks_cluster.module.eks.data.aws_iam_instance_profile.custom_worker_group_iam_instance_profile",
            "module.eks_cluster.module.eks.data.aws_iam_instance_profile.custom_worker_group_launch_template_iam_instance_profile",
            "module.eks_cluster.module.eks.data.aws_partition.current",
            "module.eks_cluster.module.eks.data.http.wait_for_cluster",
            "module.eks_cluster.module.eks.kubernetes_config_map.aws_auth",
            "module.eks_cluster.module.eks.module.fargate.aws_iam_role.eks_fargate_pod",
            "module.eks_cluster.module.eks.module.fargate.data.aws_iam_role.custom_fargate_iam_role",
            "module.eks_cluster.module.eks.module.node_groups.aws_launch_template.workers"
          ],
          "create_before_destroy": true
        }
      ]
    }
  ],
  "check_results": null
}
